// !$*UTF8*$!
{
	archiveVersion = 1;
	classes = {
	};
	objectVersion = 46;
	objects = {

/* Begin PBXBuildFile section */
		5211681317FF79CA006D96E7 /* Foundation.framework in Frameworks */ = {isa = PBXBuildFile; fileRef = 5211681217FF79CA006D96E7 /* Foundation.framework */; };
		5211681517FF79CA006D96E7 /* CoreGraphics.framework in Frameworks */ = {isa = PBXBuildFile; fileRef = 5211681417FF79CA006D96E7 /* CoreGraphics.framework */; };
		5211681717FF79CA006D96E7 /* UIKit.framework in Frameworks */ = {isa = PBXBuildFile; fileRef = 5211681617FF79CA006D96E7 /* UIKit.framework */; };
		5211681D17FF79CA006D96E7 /* InfoPlist.strings in Resources */ = {isa = PBXBuildFile; fileRef = 5211681B17FF79CA006D96E7 /* InfoPlist.strings */; };
		5211681F17FF79CA006D96E7 /* main.m in Sources */ = {isa = PBXBuildFile; fileRef = 5211681E17FF79CA006D96E7 /* main.m */; };
		5211682317FF79CA006D96E7 /* AppDelegate.m in Sources */ = {isa = PBXBuildFile; fileRef = 5211682217FF79CA006D96E7 /* AppDelegate.m */; };
		5211682617FF79CA006D96E7 /* Main.storyboard in Resources */ = {isa = PBXBuildFile; fileRef = 5211682417FF79CA006D96E7 /* Main.storyboard */; };
		5211682917FF79CA006D96E7 /* ViewController.m in Sources */ = {isa = PBXBuildFile; fileRef = 5211682817FF79CA006D96E7 /* ViewController.m */; };
		5211682B17FF79CA006D96E7 /* Images.xcassets in Resources */ = {isa = PBXBuildFile; fileRef = 5211682A17FF79CA006D96E7 /* Images.xcassets */; };
		5211683217FF79CA006D96E7 /* XCTest.framework in Frameworks */ = {isa = PBXBuildFile; fileRef = 5211683117FF79CA006D96E7 /* XCTest.framework */; };
		5211683317FF79CA006D96E7 /* Foundation.framework in Frameworks */ = {isa = PBXBuildFile; fileRef = 5211681217FF79CA006D96E7 /* Foundation.framework */; };
		5211683417FF79CA006D96E7 /* UIKit.framework in Frameworks */ = {isa = PBXBuildFile; fileRef = 5211681617FF79CA006D96E7 /* UIKit.framework */; };
		5211683C17FF79CA006D96E7 /* InfoPlist.strings in Resources */ = {isa = PBXBuildFile; fileRef = 5211683A17FF79CA006D96E7 /* InfoPlist.strings */; };
		5211683E17FF79CA006D96E7 /* AppDotNetTests.m in Sources */ = {isa = PBXBuildFile; fileRef = 5211683D17FF79CA006D96E7 /* AppDotNetTests.m */; };
		5211684C17FF9DDF006D96E7 /* person.png in Resources */ = {isa = PBXBuildFile; fileRef = 5211684B17FF9DDF006D96E7 /* person.png */; };
		5211685318009FDA006D96E7 /* TweetCell.m in Sources */ = {isa = PBXBuildFile; fileRef = 5211685218009FDA006D96E7 /* TweetCell.m */; };
		521168561800E282006D96E7 /* ProfileViewController.m in Sources */ = {isa = PBXBuildFile; fileRef = 521168551800E282006D96E7 /* ProfileViewController.m */; };
		521168591800E30E006D96E7 /* PostStore.m in Sources */ = {isa = PBXBuildFile; fileRef = 521168581800E30E006D96E7 /* PostStore.m */; };
		521168611801142D006D96E7 /* CoreImage.framework in Frameworks */ = {isa = PBXBuildFile; fileRef = 521168601801142D006D96E7 /* CoreImage.framework */; };
		5211686318011435006D96E7 /* QuartzCore.framework in Frameworks */ = {isa = PBXBuildFile; fileRef = 5211686218011435006D96E7 /* QuartzCore.framework */; };
		529CE9001801324F00C41740 /* FollowTableViewController.m in Sources */ = {isa = PBXBuildFile; fileRef = 529CE8FF1801324F00C41740 /* FollowTableViewController.m */; };
		529CE90218013E0700C41740 /* TweetCell.xib in Resources */ = {isa = PBXBuildFile; fileRef = 529CE90118013E0700C41740 /* TweetCell.xib */; };
		52D7C1251801F44400A27453 /* appdotnet-icon.jpg in Resources */ = {isa = PBXBuildFile; fileRef = 52D7C1241801F44400A27453 /* appdotnet-icon.jpg */; };
		52D7C12818020EA100A27453 /* SignInViewController.m in Sources */ = {isa = PBXBuildFile; fileRef = 52D7C12718020EA100A27453 /* SignInViewController.m */; };
		52D7C12B18026C1F00A27453 /* appdotnet-icon.png in Resources */ = {isa = PBXBuildFile; fileRef = 52D7C12A18026C1F00A27453 /* appdotnet-icon.png */; };
		52D7C12D18026E2C00A27453 /* star.png in Resources */ = {isa = PBXBuildFile; fileRef = 52D7C12C18026E2C00A27453 /* star.png */; };
		52D7C13018026FB000A27453 /* eye.png in Resources */ = {isa = PBXBuildFile; fileRef = 52D7C12E18026FB000A27453 /* eye.png */; };
		52D7C13118026FB000A27453 /* person.png in Resources */ = {isa = PBXBuildFile; fileRef = 52D7C12F18026FB000A27453 /* person.png */; };
		52D7C133180274D100A27453 /* bkgd.png in Resources */ = {isa = PBXBuildFile; fileRef = 52D7C132180274D100A27453 /* bkgd.png */; };
		52D7C137180278FE00A27453 /* personTab.png in Resources */ = {isa = PBXBuildFile; fileRef = 52D7C136180278FE00A27453 /* personTab.png */; };
		52D7C1391802799300A27453 /* planeTab.png in Resources */ = {isa = PBXBuildFile; fileRef = 52D7C1381802799300A27453 /* planeTab.png */; };
		52D7C13C18028F1300A27453 /* GlobalTableViewController.m in Sources */ = {isa = PBXBuildFile; fileRef = 52D7C13B18028F1300A27453 /* GlobalTableViewController.m */; };
/* End PBXBuildFile section */

/* Begin PBXContainerItemProxy section */
		5211683517FF79CA006D96E7 /* PBXContainerItemProxy */ = {
			isa = PBXContainerItemProxy;
			containerPortal = 5211680717FF79C9006D96E7 /* Project object */;
			proxyType = 1;
			remoteGlobalIDString = 5211680E17FF79C9006D96E7;
			remoteInfo = AppDotNet;
		};
/* End PBXContainerItemProxy section */

/* Begin PBXFileReference section */
		5211680F17FF79CA006D96E7 /* AppDotNet.app */ = {isa = PBXFileReference; explicitFileType = wrapper.application; includeInIndex = 0; path = AppDotNet.app; sourceTree = BUILT_PRODUCTS_DIR; };
		5211681217FF79CA006D96E7 /* Foundation.framework */ = {isa = PBXFileReference; lastKnownFileType = wrapper.framework; name = Foundation.framework; path = System/Library/Frameworks/Foundation.framework; sourceTree = SDKROOT; };
		5211681417FF79CA006D96E7 /* CoreGraphics.framework */ = {isa = PBXFileReference; lastKnownFileType = wrapper.framework; name = CoreGraphics.framework; path = System/Library/Frameworks/CoreGraphics.framework; sourceTree = SDKROOT; };
		5211681617FF79CA006D96E7 /* UIKit.framework */ = {isa = PBXFileReference; lastKnownFileType = wrapper.framework; name = UIKit.framework; path = System/Library/Frameworks/UIKit.framework; sourceTree = SDKROOT; };
		5211681A17FF79CA006D96E7 /* AppDotNet-Info.plist */ = {isa = PBXFileReference; lastKnownFileType = text.plist.xml; path = "AppDotNet-Info.plist"; sourceTree = "<group>"; };
		5211681C17FF79CA006D96E7 /* en */ = {isa = PBXFileReference; lastKnownFileType = text.plist.strings; name = en; path = en.lproj/InfoPlist.strings; sourceTree = "<group>"; };
		5211681E17FF79CA006D96E7 /* main.m */ = {isa = PBXFileReference; lastKnownFileType = sourcecode.c.objc; path = main.m; sourceTree = "<group>"; };
		5211682017FF79CA006D96E7 /* AppDotNet-Prefix.pch */ = {isa = PBXFileReference; lastKnownFileType = sourcecode.c.h; path = "AppDotNet-Prefix.pch"; sourceTree = "<group>"; };
		5211682117FF79CA006D96E7 /* AppDelegate.h */ = {isa = PBXFileReference; lastKnownFileType = sourcecode.c.h; path = AppDelegate.h; sourceTree = "<group>"; };
		5211682217FF79CA006D96E7 /* AppDelegate.m */ = {isa = PBXFileReference; lastKnownFileType = sourcecode.c.objc; path = AppDelegate.m; sourceTree = "<group>"; };
		5211682517FF79CA006D96E7 /* Base */ = {isa = PBXFileReference; lastKnownFileType = file.storyboard; name = Base; path = Base.lproj/Main.storyboard; sourceTree = "<group>"; };
		5211682717FF79CA006D96E7 /* ViewController.h */ = {isa = PBXFileReference; lastKnownFileType = sourcecode.c.h; path = ViewController.h; sourceTree = "<group>"; };
		5211682817FF79CA006D96E7 /* ViewController.m */ = {isa = PBXFileReference; lastKnownFileType = sourcecode.c.objc; path = ViewController.m; sourceTree = "<group>"; };
		5211682A17FF79CA006D96E7 /* Images.xcassets */ = {isa = PBXFileReference; lastKnownFileType = folder.assetcatalog; path = Images.xcassets; sourceTree = "<group>"; };
		5211683017FF79CA006D96E7 /* AppDotNetTests.xctest */ = {isa = PBXFileReference; explicitFileType = wrapper.cfbundle; includeInIndex = 0; path = AppDotNetTests.xctest; sourceTree = BUILT_PRODUCTS_DIR; };
		5211683117FF79CA006D96E7 /* XCTest.framework */ = {isa = PBXFileReference; lastKnownFileType = wrapper.framework; name = XCTest.framework; path = Library/Frameworks/XCTest.framework; sourceTree = DEVELOPER_DIR; };
		5211683917FF79CA006D96E7 /* AppDotNetTests-Info.plist */ = {isa = PBXFileReference; lastKnownFileType = text.plist.xml; path = "AppDotNetTests-Info.plist"; sourceTree = "<group>"; };
		5211683B17FF79CA006D96E7 /* en */ = {isa = PBXFileReference; lastKnownFileType = text.plist.strings; name = en; path = en.lproj/InfoPlist.strings; sourceTree = "<group>"; };
		5211683D17FF79CA006D96E7 /* AppDotNetTests.m */ = {isa = PBXFileReference; lastKnownFileType = sourcecode.c.objc; path = AppDotNetTests.m; sourceTree = "<group>"; };
		5211684B17FF9DDF006D96E7 /* person.png */ = {isa = PBXFileReference; lastKnownFileType = image.png; path = person.png; sourceTree = "<group>"; };
		5211685118009FDA006D96E7 /* TweetCell.h */ = {isa = PBXFileReference; fileEncoding = 4; lastKnownFileType = sourcecode.c.h; path = TweetCell.h; sourceTree = "<group>"; };
		5211685218009FDA006D96E7 /* TweetCell.m */ = {isa = PBXFileReference; fileEncoding = 4; lastKnownFileType = sourcecode.c.objc; path = TweetCell.m; sourceTree = "<group>"; };
		521168541800E282006D96E7 /* ProfileViewController.h */ = {isa = PBXFileReference; fileEncoding = 4; lastKnownFileType = sourcecode.c.h; path = ProfileViewController.h; sourceTree = "<group>"; };
		521168551800E282006D96E7 /* ProfileViewController.m */ = {isa = PBXFileReference; fileEncoding = 4; lastKnownFileType = sourcecode.c.objc; path = ProfileViewController.m; sourceTree = "<group>"; };
		521168571800E30E006D96E7 /* PostStore.h */ = {isa = PBXFileReference; fileEncoding = 4; lastKnownFileType = sourcecode.c.h; path = PostStore.h; sourceTree = "<group>"; };
		521168581800E30E006D96E7 /* PostStore.m */ = {isa = PBXFileReference; fileEncoding = 4; lastKnownFileType = sourcecode.c.objc; path = PostStore.m; sourceTree = "<group>"; };
		521168601801142D006D96E7 /* CoreImage.framework */ = {isa = PBXFileReference; lastKnownFileType = wrapper.framework; name = CoreImage.framework; path = System/Library/Frameworks/CoreImage.framework; sourceTree = SDKROOT; };
		5211686218011435006D96E7 /* QuartzCore.framework */ = {isa = PBXFileReference; lastKnownFileType = wrapper.framework; name = QuartzCore.framework; path = System/Library/Frameworks/QuartzCore.framework; sourceTree = SDKROOT; };
		529CE8FE1801324F00C41740 /* FollowTableViewController.h */ = {isa = PBXFileReference; fileEncoding = 4; lastKnownFileType = sourcecode.c.h; path = FollowTableViewController.h; sourceTree = "<group>"; };
		529CE8FF1801324F00C41740 /* FollowTableViewController.m */ = {isa = PBXFileReference; fileEncoding = 4; lastKnownFileType = sourcecode.c.objc; path = FollowTableViewController.m; sourceTree = "<group>"; };
		529CE90118013E0700C41740 /* TweetCell.xib */ = {isa = PBXFileReference; fileEncoding = 4; lastKnownFileType = file.xib; path = TweetCell.xib; sourceTree = "<group>"; };
		52D7C1241801F44400A27453 /* appdotnet-icon.jpg */ = {isa = PBXFileReference; lastKnownFileType = image.jpeg; path = "appdotnet-icon.jpg"; sourceTree = "<group>"; };
		52D7C12618020EA100A27453 /* SignInViewController.h */ = {isa = PBXFileReference; fileEncoding = 4; lastKnownFileType = sourcecode.c.h; path = SignInViewController.h; sourceTree = "<group>"; };
		52D7C12718020EA100A27453 /* SignInViewController.m */ = {isa = PBXFileReference; fileEncoding = 4; lastKnownFileType = sourcecode.c.objc; path = SignInViewController.m; sourceTree = "<group>"; };
		52D7C12A18026C1F00A27453 /* appdotnet-icon.png */ = {isa = PBXFileReference; lastKnownFileType = image.png; path = "appdotnet-icon.png"; sourceTree = "<group>"; };
		52D7C12C18026E2C00A27453 /* star.png */ = {isa = PBXFileReference; lastKnownFileType = image.png; path = star.png; sourceTree = "<group>"; };
		52D7C12E18026FB000A27453 /* eye.png */ = {isa = PBXFileReference; lastKnownFileType = image.png; path = eye.png; sourceTree = "<group>"; };
		52D7C12F18026FB000A27453 /* person.png */ = {isa = PBXFileReference; lastKnownFileType = image.png; path = person.png; sourceTree = "<group>"; };
		52D7C132180274D100A27453 /* bkgd.png */ = {isa = PBXFileReference; lastKnownFileType = image.png; path = bkgd.png; sourceTree = "<group>"; };
		52D7C136180278FE00A27453 /* personTab.png */ = {isa = PBXFileReference; lastKnownFileType = image.png; path = personTab.png; sourceTree = "<group>"; };
		52D7C1381802799300A27453 /* planeTab.png */ = {isa = PBXFileReference; lastKnownFileType = image.png; path = planeTab.png; sourceTree = "<group>"; };
		52D7C13A18028F1300A27453 /* GlobalTableViewController.h */ = {isa = PBXFileReference; fileEncoding = 4; lastKnownFileType = sourcecode.c.h; path = GlobalTableViewController.h; sourceTree = "<group>"; };
		52D7C13B18028F1300A27453 /* GlobalTableViewController.m */ = {isa = PBXFileReference; fileEncoding = 4; lastKnownFileType = sourcecode.c.objc; path = GlobalTableViewController.m; sourceTree = "<group>"; };
/* End PBXFileReference section */

/* Begin PBXFrameworksBuildPhase section */
		5211680C17FF79C9006D96E7 /* Frameworks */ = {
			isa = PBXFrameworksBuildPhase;
			buildActionMask = 2147483647;
			files = (
				5211686318011435006D96E7 /* QuartzCore.framework in Frameworks */,
				521168611801142D006D96E7 /* CoreImage.framework in Frameworks */,
				5211681517FF79CA006D96E7 /* CoreGraphics.framework in Frameworks */,
				5211681717FF79CA006D96E7 /* UIKit.framework in Frameworks */,
				5211681317FF79CA006D96E7 /* Foundation.framework in Frameworks */,
			);
			runOnlyForDeploymentPostprocessing = 0;
		};
		5211682D17FF79CA006D96E7 /* Frameworks */ = {
			isa = PBXFrameworksBuildPhase;
			buildActionMask = 2147483647;
			files = (
				5211683217FF79CA006D96E7 /* XCTest.framework in Frameworks */,
				5211683417FF79CA006D96E7 /* UIKit.framework in Frameworks */,
				5211683317FF79CA006D96E7 /* Foundation.framework in Frameworks */,
			);
			runOnlyForDeploymentPostprocessing = 0;
		};
/* End PBXFrameworksBuildPhase section */

/* Begin PBXGroup section */
		5211680617FF79C9006D96E7 = {
			isa = PBXGroup;
			children = (
				5211681817FF79CA006D96E7 /* AppDotNet */,
				5211683717FF79CA006D96E7 /* AppDotNetTests */,
				5211681117FF79CA006D96E7 /* Frameworks */,
				5211681017FF79CA006D96E7 /* Products */,
			);
			sourceTree = "<group>";
		};
		5211681017FF79CA006D96E7 /* Products */ = {
			isa = PBXGroup;
			children = (
				5211680F17FF79CA006D96E7 /* AppDotNet.app */,
				5211683017FF79CA006D96E7 /* AppDotNetTests.xctest */,
			);
			name = Products;
			sourceTree = "<group>";
		};
		5211681117FF79CA006D96E7 /* Frameworks */ = {
			isa = PBXGroup;
			children = (
				5211686218011435006D96E7 /* QuartzCore.framework */,
				521168601801142D006D96E7 /* CoreImage.framework */,
				5211681217FF79CA006D96E7 /* Foundation.framework */,
				5211681417FF79CA006D96E7 /* CoreGraphics.framework */,
				5211681617FF79CA006D96E7 /* UIKit.framework */,
				5211683117FF79CA006D96E7 /* XCTest.framework */,
			);
			name = Frameworks;
			sourceTree = "<group>";
		};
		5211681817FF79CA006D96E7 /* AppDotNet */ = {
			isa = PBXGroup;
			children = (
				52D7C129180213F400A27453 /* TweetCell */,
				5211682417FF79CA006D96E7 /* Main.storyboard */,
				52D7C13A18028F1300A27453 /* GlobalTableViewController.h */,
				52D7C13B18028F1300A27453 /* GlobalTableViewController.m */,
				52D7C12618020EA100A27453 /* SignInViewController.h */,
				52D7C12718020EA100A27453 /* SignInViewController.m */,
				529CE8FE1801324F00C41740 /* FollowTableViewController.h */,
				529CE8FF1801324F00C41740 /* FollowTableViewController.m */,
				521168571800E30E006D96E7 /* PostStore.h */,
				521168581800E30E006D96E7 /* PostStore.m */,
				521168541800E282006D96E7 /* ProfileViewController.h */,
				521168551800E282006D96E7 /* ProfileViewController.m */,
				5211682717FF79CA006D96E7 /* ViewController.h */,
				5211682817FF79CA006D96E7 /* ViewController.m */,
				5211682A17FF79CA006D96E7 /* Images.xcassets */,
				5211684A17FF8ECE006D96E7 /* App Delegate */,
				5211681917FF79CA006D96E7 /* Supporting Files */,
			);
			path = AppDotNet;
			sourceTree = "<group>";
		};
		5211681917FF79CA006D96E7 /* Supporting Files */ = {
			isa = PBXGroup;
			children = (
				5211684D17FF9DE5006D96E7 /* Images */,
				5211681A17FF79CA006D96E7 /* AppDotNet-Info.plist */,
				5211681B17FF79CA006D96E7 /* InfoPlist.strings */,
				5211681E17FF79CA006D96E7 /* main.m */,
				5211682017FF79CA006D96E7 /* AppDotNet-Prefix.pch */,
			);
			name = "Supporting Files";
			sourceTree = "<group>";
		};
		5211683717FF79CA006D96E7 /* AppDotNetTests */ = {
			isa = PBXGroup;
			children = (
				5211683D17FF79CA006D96E7 /* AppDotNetTests.m */,
				5211683817FF79CA006D96E7 /* Supporting Files */,
			);
			path = AppDotNetTests;
			sourceTree = "<group>";
		};
		5211683817FF79CA006D96E7 /* Supporting Files */ = {
			isa = PBXGroup;
			children = (
				5211683917FF79CA006D96E7 /* AppDotNetTests-Info.plist */,
				5211683A17FF79CA006D96E7 /* InfoPlist.strings */,
			);
			name = "Supporting Files";
			sourceTree = "<group>";
		};
		5211684A17FF8ECE006D96E7 /* App Delegate */ = {
			isa = PBXGroup;
			children = (
				5211682117FF79CA006D96E7 /* AppDelegate.h */,
				5211682217FF79CA006D96E7 /* AppDelegate.m */,
			);
			name = "App Delegate";
			sourceTree = "<group>";
		};
		5211684D17FF9DE5006D96E7 /* Images */ = {
			isa = PBXGroup;
			children = (
				52D7C1381802799300A27453 /* planeTab.png */,
				52D7C136180278FE00A27453 /* personTab.png */,
				52D7C132180274D100A27453 /* bkgd.png */,
				52D7C12E18026FB000A27453 /* eye.png */,
				52D7C12F18026FB000A27453 /* person.png */,
				52D7C12C18026E2C00A27453 /* star.png */,
				52D7C12A18026C1F00A27453 /* appdotnet-icon.png */,
				52D7C1241801F44400A27453 /* appdotnet-icon.jpg */,
				5211684B17FF9DDF006D96E7 /* person.png */,
			);
			name = Images;
			sourceTree = "<group>";
		};
		52D7C129180213F400A27453 /* TweetCell */ = {
			isa = PBXGroup;
			children = (
				5211685118009FDA006D96E7 /* TweetCell.h */,
				5211685218009FDA006D96E7 /* TweetCell.m */,
				529CE90118013E0700C41740 /* TweetCell.xib */,
			);
			name = TweetCell;
			sourceTree = "<group>";
		};
/* End PBXGroup section */

/* Begin PBXNativeTarget section */
		5211680E17FF79C9006D96E7 /* AppDotNet */ = {
			isa = PBXNativeTarget;
			buildConfigurationList = 5211684117FF79CA006D96E7 /* Build configuration list for PBXNativeTarget "AppDotNet" */;
			buildPhases = (
				5211680B17FF79C9006D96E7 /* Sources */,
				5211680C17FF79C9006D96E7 /* Frameworks */,
				5211680D17FF79C9006D96E7 /* Resources */,
			);
			buildRules = (
			);
			dependencies = (
			);
			name = AppDotNet;
			productName = AppDotNet;
			productReference = 5211680F17FF79CA006D96E7 /* AppDotNet.app */;
			productType = "com.apple.product-type.application";
		};
		5211682F17FF79CA006D96E7 /* AppDotNetTests */ = {
			isa = PBXNativeTarget;
			buildConfigurationList = 5211684417FF79CA006D96E7 /* Build configuration list for PBXNativeTarget "AppDotNetTests" */;
			buildPhases = (
				5211682C17FF79CA006D96E7 /* Sources */,
				5211682D17FF79CA006D96E7 /* Frameworks */,
				5211682E17FF79CA006D96E7 /* Resources */,
			);
			buildRules = (
			);
			dependencies = (
				5211683617FF79CA006D96E7 /* PBXTargetDependency */,
			);
			name = AppDotNetTests;
			productName = AppDotNetTests;
			productReference = 5211683017FF79CA006D96E7 /* AppDotNetTests.xctest */;
			productType = "com.apple.product-type.bundle.unit-test";
		};
/* End PBXNativeTarget section */

/* Begin PBXProject section */
		5211680717FF79C9006D96E7 /* Project object */ = {
			isa = PBXProject;
			attributes = {
				LastUpgradeCheck = 0500;
				ORGANIZATIONNAME = "MacBook Pro";
				TargetAttributes = {
					5211682F17FF79CA006D96E7 = {
						TestTargetID = 5211680E17FF79C9006D96E7;
					};
				};
			};
			buildConfigurationList = 5211680A17FF79C9006D96E7 /* Build configuration list for PBXProject "AppDotNet" */;
			compatibilityVersion = "Xcode 3.2";
			developmentRegion = English;
			hasScannedForEncodings = 0;
			knownRegions = (
				en,
				Base,
			);
			mainGroup = 5211680617FF79C9006D96E7;
			productRefGroup = 5211681017FF79CA006D96E7 /* Products */;
			projectDirPath = "";
			projectRoot = "";
			targets = (
				5211680E17FF79C9006D96E7 /* AppDotNet */,
				5211682F17FF79CA006D96E7 /* AppDotNetTests */,
			);
		};
/* End PBXProject section */

/* Begin PBXResourcesBuildPhase section */
		5211680D17FF79C9006D96E7 /* Resources */ = {
			isa = PBXResourcesBuildPhase;
			buildActionMask = 2147483647;
			files = (
				5211684C17FF9DDF006D96E7 /* person.png in Resources */,
				52D7C12B18026C1F00A27453 /* appdotnet-icon.png in Resources */,
				52D7C133180274D100A27453 /* bkgd.png in Resources */,
				52D7C1251801F44400A27453 /* appdotnet-icon.jpg in Resources */,
				529CE90218013E0700C41740 /* TweetCell.xib in Resources */,
				52D7C1391802799300A27453 /* planeTab.png in Resources */,
				52D7C13118026FB000A27453 /* person.png in Resources */,
				5211682B17FF79CA006D96E7 /* Images.xcassets in Resources */,
				52D7C12D18026E2C00A27453 /* star.png in Resources */,
				52D7C13018026FB000A27453 /* eye.png in Resources */,
				5211681D17FF79CA006D96E7 /* InfoPlist.strings in Resources */,
				52D7C137180278FE00A27453 /* personTab.png in Resources */,
				5211682617FF79CA006D96E7 /* Main.storyboard in Resources */,
			);
			runOnlyForDeploymentPostprocessing = 0;
		};
		5211682E17FF79CA006D96E7 /* Resources */ = {
			isa = PBXResourcesBuildPhase;
			buildActionMask = 2147483647;
			files = (
				5211683C17FF79CA006D96E7 /* InfoPlist.strings in Resources */,
			);
			runOnlyForDeploymentPostprocessing = 0;
		};
/* End PBXResourcesBuildPhase section */

/* Begin PBXSourcesBuildPhase section */
		5211680B17FF79C9006D96E7 /* Sources */ = {
			isa = PBXSourcesBuildPhase;
			buildActionMask = 2147483647;
			files = (
				521168591800E30E006D96E7 /* PostStore.m in Sources */,
				529CE9001801324F00C41740 /* FollowTableViewController.m in Sources */,
				52D7C13C18028F1300A27453 /* GlobalTableViewController.m in Sources */,
				5211682917FF79CA006D96E7 /* ViewController.m in Sources */,
				52D7C12818020EA100A27453 /* SignInViewController.m in Sources */,
				5211682317FF79CA006D96E7 /* AppDelegate.m in Sources */,
				5211685318009FDA006D96E7 /* TweetCell.m in Sources */,
				521168561800E282006D96E7 /* ProfileViewController.m in Sources */,
				5211681F17FF79CA006D96E7 /* main.m in Sources */,
			);
			runOnlyForDeploymentPostprocessing = 0;
		};
		5211682C17FF79CA006D96E7 /* Sources */ = {
			isa = PBXSourcesBuildPhase;
			buildActionMask = 2147483647;
			files = (
				5211683E17FF79CA006D96E7 /* AppDotNetTests.m in Sources */,
			);
			runOnlyForDeploymentPostprocessing = 0;
		};
/* End PBXSourcesBuildPhase section */

/* Begin PBXTargetDependency section */
		5211683617FF79CA006D96E7 /* PBXTargetDependency */ = {
			isa = PBXTargetDependency;
			target = 5211680E17FF79C9006D96E7 /* AppDotNet */;
			targetProxy = 5211683517FF79CA006D96E7 /* PBXContainerItemProxy */;
		};
/* End PBXTargetDependency section */

/* Begin PBXVariantGroup section */
		5211681B17FF79CA006D96E7 /* InfoPlist.strings */ = {
			isa = PBXVariantGroup;
			children = (
				5211681C17FF79CA006D96E7 /* en */,
			);
			name = InfoPlist.strings;
			sourceTree = "<group>";
		};
		5211682417FF79CA006D96E7 /* Main.storyboard */ = {
			isa = PBXVariantGroup;
			children = (
				5211682517FF79CA006D96E7 /* Base */,
			);
			name = Main.storyboard;
			sourceTree = "<group>";
		};
		5211683A17FF79CA006D96E7 /* InfoPlist.strings */ = {
			isa = PBXVariantGroup;
			children = (
				5211683B17FF79CA006D96E7 /* en */,
			);
			name = InfoPlist.strings;
			sourceTree = "<group>";
		};
/* End PBXVariantGroup section */

/* Begin XCBuildConfiguration section */
		5211683F17FF79CA006D96E7 /* Debug */ = {
			isa = XCBuildConfiguration;
			buildSettings = {
				ALWAYS_SEARCH_USER_PATHS = NO;
				ARCHS = "$(ARCHS_STANDARD_INCLUDING_64_BIT)";
				CLANG_CXX_LANGUAGE_STANDARD = "gnu++0x";
				CLANG_CXX_LIBRARY = "libc++";
				CLANG_ENABLE_MODULES = YES;
				CLANG_ENABLE_OBJC_ARC = YES;
				CLANG_WARN_BOOL_CONVERSION = YES;
				CLANG_WARN_CONSTANT_CONVERSION = YES;
				CLANG_WARN_DIRECT_OBJC_ISA_USAGE = YES_ERROR;
				CLANG_WARN_EMPTY_BODY = YES;
				CLANG_WARN_ENUM_CONVERSION = YES;
				CLANG_WARN_INT_CONVERSION = YES;
				CLANG_WARN_OBJC_ROOT_CLASS = YES_ERROR;
				CLANG_WARN__DUPLICATE_METHOD_MATCH = YES;
				"CODE_SIGN_IDENTITY[sdk=iphoneos*]" = "iPhone Developer";
				COPY_PHASE_STRIP = NO;
				GCC_C_LANGUAGE_STANDARD = gnu99;
				GCC_DYNAMIC_NO_PIC = NO;
				GCC_OPTIMIZATION_LEVEL = 0;
				GCC_PREPROCESSOR_DEFINITIONS = (
					"DEBUG=1",
					"$(inherited)",
				);
				GCC_SYMBOLS_PRIVATE_EXTERN = NO;
				GCC_WARN_64_TO_32_BIT_CONVERSION = YES;
				GCC_WARN_ABOUT_RETURN_TYPE = YES_ERROR;
				GCC_WARN_UNDECLARED_SELECTOR = YES;
				GCC_WARN_UNINITIALIZED_AUTOS = YES;
				GCC_WARN_UNUSED_FUNCTION = YES;
				GCC_WARN_UNUSED_VARIABLE = YES;
				IPHONEOS_DEPLOYMENT_TARGET = 7.0;
				ONLY_ACTIVE_ARCH = YES;
				SDKROOT = iphoneos;
			};
			name = Debug;
		};
		5211684017FF79CA006D96E7 /* Release */ = {
			isa = XCBuildConfiguration;
			buildSettings = {
				ALWAYS_SEARCH_USER_PATHS = NO;
				ARCHS = "$(ARCHS_STANDARD_INCLUDING_64_BIT)";
				CLANG_CXX_LANGUAGE_STANDARD = "gnu++0x";
				CLANG_CXX_LIBRARY = "libc++";
				CLANG_ENABLE_MODULES = YES;
				CLANG_ENABLE_OBJC_ARC = YES;
				CLANG_WARN_BOOL_CONVERSION = YES;
				CLANG_WARN_CONSTANT_CONVERSION = YES;
				CLANG_WARN_DIRECT_OBJC_ISA_USAGE = YES_ERROR;
				CLANG_WARN_EMPTY_BODY = YES;
				CLANG_WARN_ENUM_CONVERSION = YES;
				CLANG_WARN_INT_CONVERSION = YES;
				CLANG_WARN_OBJC_ROOT_CLASS = YES_ERROR;
				CLANG_WARN__DUPLICATE_METHOD_MATCH = YES;
				"CODE_SIGN_IDENTITY[sdk=iphoneos*]" = "iPhone Developer";
				COPY_PHASE_STRIP = YES;
				ENABLE_NS_ASSERTIONS = NO;
				GCC_C_LANGUAGE_STANDARD = gnu99;
				GCC_WARN_64_TO_32_BIT_CONVERSION = YES;
				GCC_WARN_ABOUT_RETURN_TYPE = YES_ERROR;
				GCC_WARN_UNDECLARED_SELECTOR = YES;
				GCC_WARN_UNINITIALIZED_AUTOS = YES;
				GCC_WARN_UNUSED_FUNCTION = YES;
				GCC_WARN_UNUSED_VARIABLE = YES;
				IPHONEOS_DEPLOYMENT_TARGET = 7.0;
				SDKROOT = iphoneos;
				VALIDATE_PRODUCT = YES;
			};
			name = Release;
		};
		5211684217FF79CA006D96E7 /* Debug */ = {
			isa = XCBuildConfiguration;
			buildSettings = {
				ASSETCATALOG_COMPILER_APPICON_NAME = AppIcon;
				ASSETCATALOG_COMPILER_LAUNCHIMAGE_NAME = LaunchImage;
				GCC_PRECOMPILE_PREFIX_HEADER = YES;
				GCC_PREFIX_HEADER = "AppDotNet/AppDotNet-Prefix.pch";
				INFOPLIST_FILE = "AppDotNet/AppDotNet-Info.plist";
				PRODUCT_NAME = "$(TARGET_NAME)";
				WRAPPER_EXTENSION = app;
			};
			name = Debug;
		};
		5211684317FF79CA006D96E7 /* Release */ = {
			isa = XCBuildConfiguration;
			buildSettings = {
				ASSETCATALOG_COMPILER_APPICON_NAME = AppIcon;
				ASSETCATALOG_COMPILER_LAUNCHIMAGE_NAME = LaunchImage;
				GCC_PRECOMPILE_PREFIX_HEADER = YES;
				GCC_PREFIX_HEADER = "AppDotNet/AppDotNet-Prefix.pch";
				INFOPLIST_FILE = "AppDotNet/AppDotNet-Info.plist";
				PRODUCT_NAME = "$(TARGET_NAME)";
				WRAPPER_EXTENSION = app;
			};
			name = Release;
		};
		5211684517FF79CA006D96E7 /* Debug */ = {
			isa = XCBuildConfiguration;
			buildSettings = {
				ARCHS = "$(ARCHS_STANDARD_INCLUDING_64_BIT)";
				BUNDLE_LOADER = "$(BUILT_PRODUCTS_DIR)/AppDotNet.app/AppDotNet";
				FRAMEWORK_SEARCH_PATHS = (
					"$(SDKROOT)/Developer/Library/Frameworks",
					"$(inherited)",
					"$(DEVELOPER_FRAMEWORKS_DIR)",
				);
				GCC_PRECOMPILE_PREFIX_HEADER = YES;
				GCC_PREFIX_HEADER = "AppDotNet/AppDotNet-Prefix.pch";
				GCC_PREPROCESSOR_DEFINITIONS = (
					"DEBUG=1",
					"$(inherited)",
				);
				INFOPLIST_FILE = "AppDotNetTests/AppDotNetTests-Info.plist";
				PRODUCT_NAME = "$(TARGET_NAME)";
				TEST_HOST = "$(BUNDLE_LOADER)";
				WRAPPER_EXTENSION = xctest;
			};
			name = Debug;
		};
		5211684617FF79CA006D96E7 /* Release */ = {
			isa = XCBuildConfiguration;
			buildSettings = {
				ARCHS = "$(ARCHS_STANDARD_INCLUDING_64_BIT)";
				BUNDLE_LOADER = "$(BUILT_PRODUCTS_DIR)/AppDotNet.app/AppDotNet";
				FRAMEWORK_SEARCH_PATHS = (
					"$(SDKROOT)/Developer/Library/Frameworks",
					"$(inherited)",
					"$(DEVELOPER_FRAMEWORKS_DIR)",
				);
				GCC_PRECOMPILE_PREFIX_HEADER = YES;
				GCC_PREFIX_HEADER = "AppDotNet/AppDotNet-Prefix.pch";
				INFOPLIST_FILE = "AppDotNetTests/AppDotNetTests-Info.plist";
				PRODUCT_NAME = "$(TARGET_NAME)";
				TEST_HOST = "$(BUNDLE_LOADER)";
				WRAPPER_EXTENSION = xctest;
			};
			name = Release;
		};
/* End XCBuildConfiguration section */

/* Begin XCConfigurationList section */
		5211680A17FF79C9006D96E7 /* Build configuration list for PBXProject "AppDotNet" */ = {
			isa = XCConfigurationList;
			buildConfigurations = (
				5211683F17FF79CA006D96E7 /* Debug */,
				5211684017FF79CA006D96E7 /* Release */,
			);
			defaultConfigurationIsVisible = 0;
			defaultConfigurationName = Release;
		};
		5211684117FF79CA006D96E7 /* Build configuration list for PBXNativeTarget "AppDotNet" */ = {
			isa = XCConfigurationList;
			buildConfigurations = (
				5211684217FF79CA006D96E7 /* Debug */,
				5211684317FF79CA006D96E7 /* Release */,
			);
			defaultConfigurationIsVisible = 0;
			defaultConfigurationName = Release;
		};
		5211684417FF79CA006D96E7 /* Build configuration list for PBXNativeTarget "AppDotNetTests" */ = {
			isa = XCConfigurationList;
			buildConfigurations = (
				5211684517FF79CA006D96E7 /* Debug */,
				5211684617FF79CA006D96E7 /* Release */,
			);
			defaultConfigurationIsVisible = 0;
			defaultConfigurationName = Release;
		};
/* End XCConfigurationList section */
	};
	rootObject = 5211680717FF79C9006D96E7 /* Project object */;
}
